// !$*UTF8*$!
{
	archiveVersion = 1;
	classes = {
	};
	objectVersion = 56;
	objects = {

/* Begin PBXBuildFile section */
		F86D69982A335BAC00322ADD /* SparkleRewardBankAPPApp.swift in Sources */ = {isa = PBXBuildFile; fileRef = F86D69972A335BAC00322ADD /* SparkleRewardBankAPPApp.swift */; };
		F86D699A2A335BAC00322ADD /* ContentView.swift in Sources */ = {isa = PBXBuildFile; fileRef = F86D69992A335BAC00322ADD /* ContentView.swift */; };
		F86D699C2A335BAE00322ADD /* Assets.xcassets in Resources */ = {isa = PBXBuildFile; fileRef = F86D699B2A335BAE00322ADD /* Assets.xcassets */; };
		F86D699F2A335BAE00322ADD /* Preview Assets.xcassets in Resources */ = {isa = PBXBuildFile; fileRef = F86D699E2A335BAE00322ADD /* Preview Assets.xcassets */; };
		F86D69A62A335C0300322ADD /* HomeView.swift in Sources */ = {isa = PBXBuildFile; fileRef = F86D69A52A335C0300322ADD /* HomeView.swift */; };
		F86D69A82A335C2500322ADD /* BasicSettingView.swift in Sources */ = {isa = PBXBuildFile; fileRef = F86D69A72A335C2500322ADD /* BasicSettingView.swift */; };
		F86D69AA2A3381FD00322ADD /* ChallengeAchievementsView.swift in Sources */ = {isa = PBXBuildFile; fileRef = F86D69A92A3381FD00322ADD /* ChallengeAchievementsView.swift */; };
		F86D69AC2A34B12A00322ADD /* ParentSettingView.swift in Sources */ = {isa = PBXBuildFile; fileRef = F86D69AB2A34B12A00322ADD /* ParentSettingView.swift */; };
		F86D69AE2A36194500322ADD /* BasicData.swift in Sources */ = {isa = PBXBuildFile; fileRef = F86D69AD2A36194500322ADD /* BasicData.swift */; };
		F86D69B02A36195000322ADD /* ParentData.swift in Sources */ = {isa = PBXBuildFile; fileRef = F86D69AF2A36195000322ADD /* ParentData.swift */; };
/* End PBXBuildFile section */

/* Begin PBXFileReference section */
		F86D69942A335BAC00322ADD /* SparkleRewardBankAPP.app */ = {isa = PBXFileReference; explicitFileType = wrapper.application; includeInIndex = 0; path = SparkleRewardBankAPP.app; sourceTree = BUILT_PRODUCTS_DIR; };
		F86D69972A335BAC00322ADD /* SparkleRewardBankAPPApp.swift */ = {isa = PBXFileReference; lastKnownFileType = sourcecode.swift; path = SparkleRewardBankAPPApp.swift; sourceTree = "<group>"; };
		F86D69992A335BAC00322ADD /* ContentView.swift */ = {isa = PBXFileReference; lastKnownFileType = sourcecode.swift; path = ContentView.swift; sourceTree = "<group>"; };
		F86D699B2A335BAE00322ADD /* Assets.xcassets */ = {isa = PBXFileReference; lastKnownFileType = folder.assetcatalog; path = Assets.xcassets; sourceTree = "<group>"; };
		F86D699E2A335BAE00322ADD /* Preview Assets.xcassets */ = {isa = PBXFileReference; lastKnownFileType = folder.assetcatalog; path = "Preview Assets.xcassets"; sourceTree = "<group>"; };
		F86D69A52A335C0300322ADD /* HomeView.swift */ = {isa = PBXFileReference; lastKnownFileType = sourcecode.swift; path = HomeView.swift; sourceTree = "<group>"; };
		F86D69A72A335C2500322ADD /* BasicSettingView.swift */ = {isa = PBXFileReference; lastKnownFileType = sourcecode.swift; path = BasicSettingView.swift; sourceTree = "<group>"; };
		F86D69A92A3381FD00322ADD /* ChallengeAchievementsView.swift */ = {isa = PBXFileReference; lastKnownFileType = sourcecode.swift; path = ChallengeAchievementsView.swift; sourceTree = "<group>"; };
		F86D69AB2A34B12A00322ADD /* ParentSettingView.swift */ = {isa = PBXFileReference; lastKnownFileType = sourcecode.swift; path = ParentSettingView.swift; sourceTree = "<group>"; };
		F86D69AD2A36194500322ADD /* BasicData.swift */ = {isa = PBXFileReference; lastKnownFileType = sourcecode.swift; path = BasicData.swift; sourceTree = "<group>"; };
		F86D69AF2A36195000322ADD /* ParentData.swift */ = {isa = PBXFileReference; lastKnownFileType = sourcecode.swift; path = ParentData.swift; sourceTree = "<group>"; };
/* End PBXFileReference section */

/* Begin PBXFrameworksBuildPhase section */
		F86D69912A335BAC00322ADD /* Frameworks */ = {
			isa = PBXFrameworksBuildPhase;
			buildActionMask = 2147483647;
			files = (
			);
			runOnlyForDeploymentPostprocessing = 0;
		};
/* End PBXFrameworksBuildPhase section */

/* Begin PBXGroup section */
		F86D698B2A335BAC00322ADD = {
			isa = PBXGroup;
			children = (
				F86D69962A335BAC00322ADD /* SparkleRewardBankAPP */,
				F86D69952A335BAC00322ADD /* Products */,
			);
			sourceTree = "<group>";
		};
		F86D69952A335BAC00322ADD /* Products */ = {
			isa = PBXGroup;
			children = (
				F86D69942A335BAC00322ADD /* SparkleRewardBankAPP.app */,
			);
			name = Products;
			sourceTree = "<group>";
		};
		F86D69962A335BAC00322ADD /* SparkleRewardBankAPP */ = {
			isa = PBXGroup;
			children = (
				F86D69972A335BAC00322ADD /* SparkleRewardBankAPPApp.swift */,
				F86D69992A335BAC00322ADD /* ContentView.swift */,
				F86D69A52A335C0300322ADD /* HomeView.swift */,
				F86D69AD2A36194500322ADD /* BasicData.swift */,
				F86D69AF2A36195000322ADD /* ParentData.swift */,
				F86D69A72A335C2500322ADD /* BasicSettingView.swift */,
				F86D69AB2A34B12A00322ADD /* ParentSettingView.swift */,
				F86D69A92A3381FD00322ADD /* ChallengeAchievementsView.swift */,
				F86D699B2A335BAE00322ADD /* Assets.xcassets */,
				F86D699D2A335BAE00322ADD /* Preview Content */,
			);
			path = SparkleRewardBankAPP;
			sourceTree = "<group>";
		};
		F86D699D2A335BAE00322ADD /* Preview Content */ = {
			isa = PBXGroup;
			children = (
				F86D699E2A335BAE00322ADD /* Preview Assets.xcassets */,
			);
			path = "Preview Content";
			sourceTree = "<group>";
		};
/* End PBXGroup section */

/* Begin PBXNativeTarget section */
		F86D69932A335BAC00322ADD /* SparkleRewardBankAPP */ = {
			isa = PBXNativeTarget;
			buildConfigurationList = F86D69A22A335BAE00322ADD /* Build configuration list for PBXNativeTarget "SparkleRewardBankAPP" */;
			buildPhases = (
				F86D69902A335BAC00322ADD /* Sources */,
				F86D69912A335BAC00322ADD /* Frameworks */,
				F86D69922A335BAC00322ADD /* Resources */,
			);
			buildRules = (
			);
			dependencies = (
			);
			name = SparkleRewardBankAPP;
			productName = SparkleRewardBankAPP;
			productReference = F86D69942A335BAC00322ADD /* SparkleRewardBankAPP.app */;
			productType = "com.apple.product-type.application";
		};
/* End PBXNativeTarget section */

/* Begin PBXProject section */
		F86D698C2A335BAC00322ADD /* Project object */ = {
			isa = PBXProject;
			attributes = {
				BuildIndependentTargetsInParallel = 1;
				LastSwiftUpdateCheck = 1420;
				LastUpgradeCheck = 1420;
				TargetAttributes = {
					F86D69932A335BAC00322ADD = {
						CreatedOnToolsVersion = 14.2;
					};
				};
			};
			buildConfigurationList = F86D698F2A335BAC00322ADD /* Build configuration list for PBXProject "SparkleRewardBankAPP" */;
			compatibilityVersion = "Xcode 14.0";
			developmentRegion = en;
			hasScannedForEncodings = 0;
			knownRegions = (
				en,
				Base,
			);
			mainGroup = F86D698B2A335BAC00322ADD;
			productRefGroup = F86D69952A335BAC00322ADD /* Products */;
			projectDirPath = "";
			projectRoot = "";
			targets = (
				F86D69932A335BAC00322ADD /* SparkleRewardBankAPP */,
			);
		};
/* End PBXProject section */

/* Begin PBXResourcesBuildPhase section */
		F86D69922A335BAC00322ADD /* Resources */ = {
			isa = PBXResourcesBuildPhase;
			buildActionMask = 2147483647;
			files = (
				F86D699F2A335BAE00322ADD /* Preview Assets.xcassets in Resources */,
				F86D699C2A335BAE00322ADD /* Assets.xcassets in Resources */,
			);
			runOnlyForDeploymentPostprocessing = 0;
		};
/* End PBXResourcesBuildPhase section */

/* Begin PBXSourcesBuildPhase section */
		F86D69902A335BAC00322ADD /* Sources */ = {
			isa = PBXSourcesBuildPhase;
			buildActionMask = 2147483647;
			files = (
				F86D69A82A335C2500322ADD /* BasicSettingView.swift in Sources */,
				F86D69AE2A36194500322ADD /* BasicData.swift in Sources */,
				F86D69AC2A34B12A00322ADD /* ParentSettingView.swift in Sources */,
				F86D69AA2A3381FD00322ADD /* ChallengeAchievementsView.swift in Sources */,
				F86D69A62A335C0300322ADD /* HomeView.swift in Sources */,
				F86D699A2A335BAC00322ADD /* ContentView.swift in Sources */,
				F86D69982A335BAC00322ADD /* SparkleRewardBankAPPApp.swift in Sources */,
				F86D69B02A36195000322ADD /* ParentData.swift in Sources */,
			);
			runOnlyForDeploymentPostprocessing = 0;
		};
/* End PBXSourcesBuildPhase section */

/* Begin XCBuildConfiguration section */
		F86D69A02A335BAE00322ADD /* Debug */ = {
			isa = XCBuildConfiguration;
			buildSettings = {
				ALWAYS_SEARCH_USER_PATHS = NO;
				CLANG_ANALYZER_NONNULL = YES;
				CLANG_ANALYZER_NUMBER_OBJECT_CONVERSION = YES_AGGRESSIVE;
				CLANG_CXX_LANGUAGE_STANDARD = "gnu++20";
				CLANG_ENABLE_MODULES = YES;
				CLANG_ENABLE_OBJC_ARC = YES;
				CLANG_ENABLE_OBJC_WEAK = YES;
				CLANG_WARN_BLOCK_CAPTURE_AUTORELEASING = YES;
				CLANG_WARN_BOOL_CONVERSION = YES;
				CLANG_WARN_COMMA = YES;
				CLANG_WARN_CONSTANT_CONVERSION = YES;
				CLANG_WARN_DEPRECATED_OBJC_IMPLEMENTATIONS = YES;
				CLANG_WARN_DIRECT_OBJC_ISA_USAGE = YES_ERROR;
				CLANG_WARN_DOCUMENTATION_COMMENTS = YES;
				CLANG_WARN_EMPTY_BODY = YES;
				CLANG_WARN_ENUM_CONVERSION = YES;
				CLANG_WARN_INFINITE_RECURSION = YES;
				CLANG_WARN_INT_CONVERSION = YES;
				CLANG_WARN_NON_LITERAL_NULL_CONVERSION = YES;
				CLANG_WARN_OBJC_IMPLICIT_RETAIN_SELF = YES;
				CLANG_WARN_OBJC_LITERAL_CONVERSION = YES;
				CLANG_WARN_OBJC_ROOT_CLASS = YES_ERROR;
				CLANG_WARN_QUOTED_INCLUDE_IN_FRAMEWORK_HEADER = YES;
				CLANG_WARN_RANGE_LOOP_ANALYSIS = YES;
				CLANG_WARN_STRICT_PROTOTYPES = YES;
				CLANG_WARN_SUSPICIOUS_MOVE = YES;
				CLANG_WARN_UNGUARDED_AVAILABILITY = YES_AGGRESSIVE;
				CLANG_WARN_UNREACHABLE_CODE = YES;
				CLANG_WARN__DUPLICATE_METHOD_MATCH = YES;
				COPY_PHASE_STRIP = NO;
				DEBUG_INFORMATION_FORMAT = dwarf;
				ENABLE_STRICT_OBJC_MSGSEND = YES;
				ENABLE_TESTABILITY = YES;
				GCC_C_LANGUAGE_STANDARD = gnu11;
				GCC_DYNAMIC_NO_PIC = NO;
				GCC_NO_COMMON_BLOCKS = YES;
				GCC_OPTIMIZATION_LEVEL = 0;
				GCC_PREPROCESSOR_DEFINITIONS = (
					"DEBUG=1",
					"$(inherited)",
				);
				GCC_WARN_64_TO_32_BIT_CONVERSION = YES;
				GCC_WARN_ABOUT_RETURN_TYPE = YES_ERROR;
				GCC_WARN_UNDECLARED_SELECTOR = YES;
				GCC_WARN_UNINITIALIZED_AUTOS = YES_AGGRESSIVE;
				GCC_WARN_UNUSED_FUNCTION = YES;
				GCC_WARN_UNUSED_VARIABLE = YES;
				IPHONEOS_DEPLOYMENT_TARGET = 16.2;
				MTL_ENABLE_DEBUG_INFO = INCLUDE_SOURCE;
				MTL_FAST_MATH = YES;
				ONLY_ACTIVE_ARCH = YES;
				SDKROOT = iphoneos;
				SWIFT_ACTIVE_COMPILATION_CONDITIONS = DEBUG;
				SWIFT_OPTIMIZATION_LEVEL = "-Onone";
			};
			name = Debug;
		};
		F86D69A12A335BAE00322ADD /* Release */ = {
			isa = XCBuildConfiguration;
			buildSettings = {
				ALWAYS_SEARCH_USER_PATHS = NO;
				CLANG_ANALYZER_NONNULL = YES;
				CLANG_ANALYZER_NUMBER_OBJECT_CONVERSION = YES_AGGRESSIVE;
				CLANG_CXX_LANGUAGE_STANDARD = "gnu++20";
				CLANG_ENABLE_MODULES = YES;
				CLANG_ENABLE_OBJC_ARC = YES;
				CLANG_ENABLE_OBJC_WEAK = YES;
				CLANG_WARN_BLOCK_CAPTURE_AUTORELEASING = YES;
				CLANG_WARN_BOOL_CONVERSION = YES;
				CLANG_WARN_COMMA = YES;
				CLANG_WARN_CONSTANT_CONVERSION = YES;
				CLANG_WARN_DEPRECATED_OBJC_IMPLEMENTATIONS = YES;
				CLANG_WARN_DIRECT_OBJC_ISA_USAGE = YES_ERROR;
				CLANG_WARN_DOCUMENTATION_COMMENTS = YES;
				CLANG_WARN_EMPTY_BODY = YES;
				CLANG_WARN_ENUM_CONVERSION = YES;
				CLANG_WARN_INFINITE_RECURSION = YES;
				CLANG_WARN_INT_CONVERSION = YES;
				CLANG_WARN_NON_LITERAL_NULL_CONVERSION = YES;
				CLANG_WARN_OBJC_IMPLICIT_RETAIN_SELF = YES;
				CLANG_WARN_OBJC_LITERAL_CONVERSION = YES;
				CLANG_WARN_OBJC_ROOT_CLASS = YES_ERROR;
				CLANG_WARN_QUOTED_INCLUDE_IN_FRAMEWORK_HEADER = YES;
				CLANG_WARN_RANGE_LOOP_ANALYSIS = YES;
				CLANG_WARN_STRICT_PROTOTYPES = YES;
				CLANG_WARN_SUSPICIOUS_MOVE = YES;
				CLANG_WARN_UNGUARDED_AVAILABILITY = YES_AGGRESSIVE;
				CLANG_WARN_UNREACHABLE_CODE = YES;
				CLANG_WARN__DUPLICATE_METHOD_MATCH = YES;
				COPY_PHASE_STRIP = NO;
				DEBUG_INFORMATION_FORMAT = "dwarf-with-dsym";
				ENABLE_NS_ASSERTIONS = NO;
				ENABLE_STRICT_OBJC_MSGSEND = YES;
				GCC_C_LANGUAGE_STANDARD = gnu11;
				GCC_NO_COMMON_BLOCKS = YES;
				GCC_WARN_64_TO_32_BIT_CONVERSION = YES;
				GCC_WARN_ABOUT_RETURN_TYPE = YES_ERROR;
				GCC_WARN_UNDECLARED_SELECTOR = YES;
				GCC_WARN_UNINITIALIZED_AUTOS = YES_AGGRESSIVE;
				GCC_WARN_UNUSED_FUNCTION = YES;
				GCC_WARN_UNUSED_VARIABLE = YES;
				IPHONEOS_DEPLOYMENT_TARGET = 16.2;
				MTL_ENABLE_DEBUG_INFO = NO;
				MTL_FAST_MATH = YES;
				SDKROOT = iphoneos;
				SWIFT_COMPILATION_MODE = wholemodule;
				SWIFT_OPTIMIZATION_LEVEL = "-O";
				VALIDATE_PRODUCT = YES;
			};
			name = Release;
		};
		F86D69A32A335BAE00322ADD /* Debug */ = {
			isa = XCBuildConfiguration;
			buildSettings = {
				ASSETCATALOG_COMPILER_APPICON_NAME = AppIcon;
				ASSETCATALOG_COMPILER_GLOBAL_ACCENT_COLOR_NAME = AccentColor;
				CODE_SIGN_STYLE = Automatic;
				CURRENT_PROJECT_VERSION = 1;
				DEVELOPMENT_ASSET_PATHS = "\"SparkleRewardBankAPP/Preview Content\"";
				DEVELOPMENT_TEAM = 58J628MLWX;
				ENABLE_PREVIEWS = YES;
				GENERATE_INFOPLIST_FILE = YES;
				INFOPLIST_KEY_UIApplicationSceneManifest_Generation = YES;
				INFOPLIST_KEY_UIApplicationSupportsIndirectInputEvents = YES;
				INFOPLIST_KEY_UILaunchScreen_Generation = YES;
				INFOPLIST_KEY_UISupportedInterfaceOrientations_iPad = "UIInterfaceOrientationPortrait UIInterfaceOrientationPortraitUpsideDown UIInterfaceOrientationLandscapeLeft UIInterfaceOrientationLandscapeRight";
				INFOPLIST_KEY_UISupportedInterfaceOrientations_iPhone = "UIInterfaceOrientationPortrait UIInterfaceOrientationLandscapeLeft UIInterfaceOrientationLandscapeRight";
				LD_RUNPATH_SEARCH_PATHS = (
					"$(inherited)",
					"@executable_path/Frameworks",
				);
				MARKETING_VERSION = 1.0;
				PRODUCT_BUNDLE_IDENTIFIER = com.nanaSashihara.SparkleRewardBankAPP;
				PRODUCT_NAME = "$(TARGET_NAME)";
				SWIFT_EMIT_LOC_STRINGS = YES;
				SWIFT_VERSION = 5.0;
				TARGETED_DEVICE_FAMILY = "1,2";
			};
			name = Debug;
		};
		F86D69A42A335BAE00322ADD /* Release */ = {
			isa = XCBuildConfiguration;
			buildSettings = {
				ASSETCATALOG_COMPILER_APPICON_NAME = AppIcon;
				ASSETCATALOG_COMPILER_GLOBAL_ACCENT_COLOR_NAME = AccentColor;
				CODE_SIGN_STYLE = Automatic;
				CURRENT_PROJECT_VERSION = 1;
				DEVELOPMENT_ASSET_PATHS = "\"SparkleRewardBankAPP/Preview Content\"";
				DEVELOPMENT_TEAM = 58J628MLWX;
				ENABLE_PREVIEWS = YES;
				GENERATE_INFOPLIST_FILE = YES;
				INFOPLIST_KEY_UIApplicationSceneManifest_Generation = YES;
				INFOPLIST_KEY_UIApplicationSupportsIndirectInputEvents = YES;
				INFOPLIST_KEY_UILaunchScreen_Generation = YES;
				INFOPLIST_KEY_UISupportedInterfaceOrientations_iPad = "UIInterfaceOrientationPortrait UIInterfaceOrientationPortraitUpsideDown UIInterfaceOrientationLandscapeLeft UIInterfaceOrientationLandscapeRight";
				INFOPLIST_KEY_UISupportedInterfaceOrientations_iPhone = "UIInterfaceOrientationPortrait UIInterfaceOrientationLandscapeLeft UIInterfaceOrientationLandscapeRight";
				LD_RUNPATH_SEARCH_PATHS = (
					"$(inherited)",
					"@executable_path/Frameworks",
				);
				MARKETING_VERSION = 1.0;
				PRODUCT_BUNDLE_IDENTIFIER = com.nanaSashihara.SparkleRewardBankAPP;
				PRODUCT_NAME = "$(TARGET_NAME)";
				SWIFT_EMIT_LOC_STRINGS = YES;
				SWIFT_VERSION = 5.0;
				TARGETED_DEVICE_FAMILY = "1,2";
			};
			name = Release;
		};
/* End XCBuildConfiguration section */

/* Begin XCConfigurationList section */
		F86D698F2A335BAC00322ADD /* Build configuration list for PBXProject "SparkleRewardBankAPP" */ = {
			isa = XCConfigurationList;
			buildConfigurations = (
				F86D69A02A335BAE00322ADD /* Debug */,
				F86D69A12A335BAE00322ADD /* Release */,
			);
			defaultConfigurationIsVisible = 0;
			defaultConfigurationName = Release;
		};
		F86D69A22A335BAE00322ADD /* Build configuration list for PBXNativeTarget "SparkleRewardBankAPP" */ = {
			isa = XCConfigurationList;
			buildConfigurations = (
				F86D69A32A335BAE00322ADD /* Debug */,
				F86D69A42A335BAE00322ADD /* Release */,
			);
			defaultConfigurationIsVisible = 0;
			defaultConfigurationName = Release;
		};
/* End XCConfigurationList section */
	};
	rootObject = F86D698C2A335BAC00322ADD /* Project object */;
}
